
Microsoft Visual Studio Solution File, Format Version 12.00
# Visual Studio Version 16
VisualStudioVersion = 16.0.30523.141
MinimumVisualStudioVersion = 10.0.40219.1
Project("{9A19103F-16F7-4668-BE54-9A1E7A4F7556}") = "Pegasus", "Pegasus\Pegasus.csproj", "{AB5565F9-7A59-45A4-8574-ED8B9EF99C50}"
EndProject
Project("{9A19103F-16F7-4668-BE54-9A1E7A4F7556}") = "PegasusTests", "PegasusTests\PegasusTests.csproj", "{9289658E-BB3F-4669-B6B5-217C62A076E8}"
EndProject
Project("{9A19103F-16F7-4668-BE54-9A1E7A4F7556}") = "PegasusService", "PegasusService\PegasusService.csproj", "{16DF7990-4BA5-4B09-97D6-9D383950E7D6}"
EndProject
Project("{FAE04EC0-301F-11D3-BF4B-00C04F79EFBC}") = "PegasusApi", "PegasusApi\PegasusApi.csproj", "{72577E3D-F935-42EA-A320-178267C0CAFA}"
EndProject
Project("{00D1A9C2-B5F0-4AF3-8072-F6C62B433612}") = "PegasusSQLData", "PegasusSQLData\PegasusSQLData.sqlproj", "{1F87F29E-94AC-4016-A8EF-EA73822B9F9B}"
EndProject
Global
	GlobalSection(SolutionConfigurationPlatforms) = preSolution
		Debug|Any CPU = Debug|Any CPU
		Release|Any CPU = Release|Any CPU
	EndGlobalSection
	GlobalSection(ProjectConfigurationPlatforms) = postSolution
		{AB5565F9-7A59-45A4-8574-ED8B9EF99C50}.Debug|Any CPU.ActiveCfg = Debug|Any CPU
		{AB5565F9-7A59-45A4-8574-ED8B9EF99C50}.Debug|Any CPU.Build.0 = Debug|Any CPU
		{AB5565F9-7A59-45A4-8574-ED8B9EF99C50}.Release|Any CPU.ActiveCfg = Release|Any CPU
		{AB5565F9-7A59-45A4-8574-ED8B9EF99C50}.Release|Any CPU.Build.0 = Release|Any CPU
		{9289658E-BB3F-4669-B6B5-217C62A076E8}.Debug|Any CPU.ActiveCfg = Debug|Any CPU
		{9289658E-BB3F-4669-B6B5-217C62A076E8}.Debug|Any CPU.Build.0 = Debug|Any CPU
		{9289658E-BB3F-4669-B6B5-217C62A076E8}.Release|Any CPU.ActiveCfg = Release|Any CPU
		{9289658E-BB3F-4669-B6B5-217C62A076E8}.Release|Any CPU.Build.0 = Release|Any CPU
		{16DF7990-4BA5-4B09-97D6-9D383950E7D6}.Debug|Any CPU.ActiveCfg = Debug|Any CPU
		{16DF7990-4BA5-4B09-97D6-9D383950E7D6}.Debug|Any CPU.Build.0 = Debug|Any CPU
		{16DF7990-4BA5-4B09-97D6-9D383950E7D6}.Release|Any CPU.ActiveCfg = Release|Any CPU
		{16DF7990-4BA5-4B09-97D6-9D383950E7D6}.Release|Any CPU.Build.0 = Release|Any CPU
		{72577E3D-F935-42EA-A320-178267C0CAFA}.Debug|Any CPU.ActiveCfg = Debug|Any CPU
		{72577E3D-F935-42EA-A320-178267C0CAFA}.Debug|Any CPU.Build.0 = Debug|Any CPU
		{72577E3D-F935-42EA-A320-178267C0CAFA}.Release|Any CPU.ActiveCfg = Release|Any CPU
		{72577E3D-F935-42EA-A320-178267C0CAFA}.Release|Any CPU.Build.0 = Release|Any CPU
		{1F87F29E-94AC-4016-A8EF-EA73822B9F9B}.Debug|Any CPU.ActiveCfg = Debug|Any CPU
		{1F87F29E-94AC-4016-A8EF-EA73822B9F9B}.Debug|Any CPU.Build.0 = Debug|Any CPU
		{1F87F29E-94AC-4016-A8EF-EA73822B9F9B}.Debug|Any CPU.Deploy.0 = Debug|Any CPU
		{1F87F29E-94AC-4016-A8EF-EA73822B9F9B}.Release|Any CPU.ActiveCfg = Release|Any CPU
		{1F87F29E-94AC-4016-A8EF-EA73822B9F9B}.Release|Any CPU.Build.0 = Release|Any CPU
		{1F87F29E-94AC-4016-A8EF-EA73822B9F9B}.Release|Any CPU.Deploy.0 = Release|Any CPU
	EndGlobalSection
	GlobalSection(SolutionProperties) = preSolution
		HideSolutionNode = FALSE
	EndGlobalSection
	GlobalSection(ExtensibilityGlobals) = postSolution
		SolutionGuid = {A88CDAC7-AF12-41D8-B2A8-9F9EC58A5053}
	EndGlobalSection
EndGlobal
